{
  "name": "nagu-owl-types",
  "version": "1.0.0",
  "lockfileVersion": 3,
  "requires": true,
  "packages": {
    "": {
      "name": "nagu-owl-types",
      "version": "1.0.0",
      "license": "ISC",
      "dependencies": {
        "nagu-triples-types": "^1.0.2"
      }
    },
    "node_modules/nagu-triples-types": {
      "version": "1.0.2",
      "resolved": "https://registry.npmjs.org/nagu-triples-types/-/nagu-triples-types-1.0.2.tgz",
      "integrity": "sha512-Yv0YmY9KkeAcl81s/R1h78HXPJNKDoZRYWr+FoEWMzgtu1dFxRRHguU4QfeyIsEtZWoUEPcY3siqYQchCDoOsQ=="
    }
  }
}
